
Microsoft Visual Studio Solution File, Format Version 12.00
# Visual Studio Version 16
VisualStudioVersion = 16.0.30413.136
MinimumVisualStudioVersion = 10.0.40219.1
Project("{FAE04EC0-301F-11D3-BF4B-00C04F79EFBC}") = "PreCourseWorkProgramVS", "PreCourseWorkProgramVS.csproj", "{59AE7AE4-2A60-447A-8709-0A78B8A15881}"
EndProject
Global
	GlobalSection(SolutionConfigurationPlatforms) = preSolution
		Debug|Any CPU = Debug|Any CPU
		Release|Any CPU = Release|Any CPU
	EndGlobalSection
	GlobalSection(ProjectConfigurationPlatforms) = postSolution
		{59AE7AE4-2A60-447A-8709-0A78B8A15881}.Debug|Any CPU.ActiveCfg = Debug|Any CPU
		{59AE7AE4-2A60-447A-8709-0A78B8A15881}.Debug|Any CPU.Build.0 = Debug|Any CPU
		{59AE7AE4-2A60-447A-8709-0A78B8A15881}.Release|Any CPU.ActiveCfg = Release|Any CPU
		{59AE7AE4-2A60-447A-8709-0A78B8A15881}.Release|Any CPU.Build.0 = Release|Any CPU
	EndGlobalSection
	GlobalSection(SolutionProperties) = preSolution
		HideSolutionNode = FALSE
	EndGlobalSection
	GlobalSection(ExtensibilityGlobals) = postSolution
		SolutionGuid = {78CD17FE-3BB7-4465-9683-3C2A42B360A2}
	EndGlobalSection
EndGlobal
